
Microsoft Visual Studio Solution File, Format Version 12.00
# Visual Studio Version 17
VisualStudioVersion = 17.10.35027.167
MinimumVisualStudioVersion = 10.0.40219.1
Project("{FAE04EC0-301F-11D3-BF4B-00C04F79EFBC}") = "P01_SalesDatabase", "P01_SalesDatabase.csproj", "{C3C37490-9C72-4A2A-B8BD-D9952CE7293A}"
EndProject
Global
	GlobalSection(SolutionConfigurationPlatforms) = preSolution
		Debug|Any CPU = Debug|Any CPU
		Release|Any CPU = Release|Any CPU
	EndGlobalSection
	GlobalSection(ProjectConfigurationPlatforms) = postSolution
		{C3C37490-9C72-4A2A-B8BD-D9952CE7293A}.Debug|Any CPU.ActiveCfg = Debug|Any CPU
		{C3C37490-9C72-4A2A-B8BD-D9952CE7293A}.Debug|Any CPU.Build.0 = Debug|Any CPU
		{C3C37490-9C72-4A2A-B8BD-D9952CE7293A}.Release|Any CPU.ActiveCfg = Release|Any CPU
		{C3C37490-9C72-4A2A-B8BD-D9952CE7293A}.Release|Any CPU.Build.0 = Release|Any CPU
	EndGlobalSection
	GlobalSection(SolutionProperties) = preSolution
		HideSolutionNode = FALSE
	EndGlobalSection
	GlobalSection(ExtensibilityGlobals) = postSolution
		SolutionGuid = {146E8EE8-D568-4D46-AD5F-320D304C7A0A}
	EndGlobalSection
EndGlobal
